// !$*UTF8*$!
{
	archiveVersion = 1;
	classes = {
	};
	objectVersion = 56;
	objects = {

/* Begin PBXBuildFile section */
		3F2D0EE42BD0E04B0051EB42 /* LandmarksApp.swift in Sources */ = {isa = PBXBuildFile; fileRef = 3F2D0EE32BD0E04B0051EB42 /* LandmarksApp.swift */; };
		3F2D0EE62BD0E04B0051EB42 /* ContentView.swift in Sources */ = {isa = PBXBuildFile; fileRef = 3F2D0EE52BD0E04B0051EB42 /* ContentView.swift */; };
		3F2D0EE82BD0E04C0051EB42 /* Assets.xcassets in Resources */ = {isa = PBXBuildFile; fileRef = 3F2D0EE72BD0E04C0051EB42 /* Assets.xcassets */; };
		3F2D0EEB2BD0E04C0051EB42 /* Preview Assets.xcassets in Resources */ = {isa = PBXBuildFile; fileRef = 3F2D0EEA2BD0E04C0051EB42 /* Preview Assets.xcassets */; };
		3F2D0F0E2BD0E3DC0051EB42 /* CircleImage.swift in Sources */ = {isa = PBXBuildFile; fileRef = 3F2D0F0D2BD0E3DC0051EB42 /* CircleImage.swift */; };
		3F2D0F102BD0E5040051EB42 /* MapView.swift in Sources */ = {isa = PBXBuildFile; fileRef = 3F2D0F0F2BD0E5040051EB42 /* MapView.swift */; };
		3F2D0F122BD0E8AE0051EB42 /* landmarkData.json in Resources */ = {isa = PBXBuildFile; fileRef = 3F2D0F112BD0E8AE0051EB42 /* landmarkData.json */; };
		3F2D0F142BD0E8E10051EB42 /* Landmark.swift in Sources */ = {isa = PBXBuildFile; fileRef = 3F2D0F132BD0E8E10051EB42 /* Landmark.swift */; };
		3F2D0F162BD0EA2D0051EB42 /* ModelData.swift in Sources */ = {isa = PBXBuildFile; fileRef = 3F2D0F152BD0EA2D0051EB42 /* ModelData.swift */; };
		3F2D0F1C2BD0EB7F0051EB42 /* LandmarkRow.swift in Sources */ = {isa = PBXBuildFile; fileRef = 3F2D0F1B2BD0EB7F0051EB42 /* LandmarkRow.swift */; };
		3F2D0F1E2BD0ECEB0051EB42 /* LandmarkList.swift in Sources */ = {isa = PBXBuildFile; fileRef = 3F2D0F1D2BD0ECEB0051EB42 /* LandmarkList.swift */; };
		3F2D0F202BD0EDC10051EB42 /* LandmarkDetail.swift in Sources */ = {isa = PBXBuildFile; fileRef = 3F2D0F1F2BD0EDC10051EB42 /* LandmarkDetail.swift */; };
		3F3E71462BD1FEA90073A8A3 /* FavoriteButton.swift in Sources */ = {isa = PBXBuildFile; fileRef = 3F3E71452BD1FEA90073A8A3 /* FavoriteButton.swift */; };
		3F3E714A2BD2025F0073A8A3 /* HexagonParameters.swift in Sources */ = {isa = PBXBuildFile; fileRef = 3F3E71492BD2025F0073A8A3 /* HexagonParameters.swift */; };
		3F3E714C2BD203280073A8A3 /* BadgeBackground.swift in Sources */ = {isa = PBXBuildFile; fileRef = 3F3E714B2BD203280073A8A3 /* BadgeBackground.swift */; };
		3F3E714E2BD204610073A8A3 /* BadgeSymbol.swift in Sources */ = {isa = PBXBuildFile; fileRef = 3F3E714D2BD204610073A8A3 /* BadgeSymbol.swift */; };
		3F3E71502BD206390073A8A3 /* Badge.swift in Sources */ = {isa = PBXBuildFile; fileRef = 3F3E714F2BD206390073A8A3 /* Badge.swift */; };
		3F3E71522BD208010073A8A3 /* RotatedBadgeSymbol.swift in Sources */ = {isa = PBXBuildFile; fileRef = 3F3E71512BD208010073A8A3 /* RotatedBadgeSymbol.swift */; };
		3F3E71562BD20A470073A8A3 /* hikeData.json in Resources */ = {isa = PBXBuildFile; fileRef = 3F3E71552BD20A470073A8A3 /* hikeData.json */; };
		3F3E71582BD20A760073A8A3 /* Hike.swift in Sources */ = {isa = PBXBuildFile; fileRef = 3F3E71572BD20A760073A8A3 /* Hike.swift */; };
		3F3E715E2BD20AF30073A8A3 /* GraphCapsule.swift in Sources */ = {isa = PBXBuildFile; fileRef = 3F3E715A2BD20AF30073A8A3 /* GraphCapsule.swift */; };
		3F3E715F2BD20AF30073A8A3 /* HikeGraph.swift in Sources */ = {isa = PBXBuildFile; fileRef = 3F3E715B2BD20AF30073A8A3 /* HikeGraph.swift */; };
		3F3E71602BD20AF30073A8A3 /* HikeDetail.swift in Sources */ = {isa = PBXBuildFile; fileRef = 3F3E715C2BD20AF30073A8A3 /* HikeDetail.swift */; };
		3F3E71612BD20AF30073A8A3 /* HikeView.swift in Sources */ = {isa = PBXBuildFile; fileRef = 3F3E715D2BD20AF30073A8A3 /* HikeView.swift */; };
		3F3E71642BD2124C0073A8A3 /* CategoryHome.swift in Sources */ = {isa = PBXBuildFile; fileRef = 3F3E71632BD2124C0073A8A3 /* CategoryHome.swift */; };
		3F3E71662BD214790073A8A3 /* CategoryRow.swift in Sources */ = {isa = PBXBuildFile; fileRef = 3F3E71652BD214790073A8A3 /* CategoryRow.swift */; };
		3F3E71682BD2149C0073A8A3 /* CategoryItem.swift in Sources */ = {isa = PBXBuildFile; fileRef = 3F3E71672BD2149C0073A8A3 /* CategoryItem.swift */; };
		3F3E716C2BD2171A0073A8A3 /* Profile.swift in Sources */ = {isa = PBXBuildFile; fileRef = 3F3E716B2BD2171A0073A8A3 /* Profile.swift */; };
		3F3E716F2BD217670073A8A3 /* ProfileHost.swift in Sources */ = {isa = PBXBuildFile; fileRef = 3F3E716E2BD217670073A8A3 /* ProfileHost.swift */; };
		3F3E71712BD217C90073A8A3 /* ProfileSummary.swift in Sources */ = {isa = PBXBuildFile; fileRef = 3F3E71702BD217C90073A8A3 /* ProfileSummary.swift */; };
		3F3E71732BD218EE0073A8A3 /* HikeBadge.swift in Sources */ = {isa = PBXBuildFile; fileRef = 3F3E71722BD218EE0073A8A3 /* HikeBadge.swift */; };
		3F3E71752BD21CAA0073A8A3 /* ProfileEditor.swift in Sources */ = {isa = PBXBuildFile; fileRef = 3F3E71742BD21CAA0073A8A3 /* ProfileEditor.swift */; };
		3F9F7BC12BDA0FD400FD5345 /* PageViewController.swift in Sources */ = {isa = PBXBuildFile; fileRef = 3F9F7BC02BDA0FD400FD5345 /* PageViewController.swift */; };
		3F9F7BC32BDA111700FD5345 /* FeatureCard.swift in Sources */ = {isa = PBXBuildFile; fileRef = 3F9F7BC22BDA111700FD5345 /* FeatureCard.swift */; };
		3F9F7BC52BDA126500FD5345 /* PageView.swift in Sources */ = {isa = PBXBuildFile; fileRef = 3F9F7BC42BDA126500FD5345 /* PageView.swift */; };
		3F9F7BC72BDA16A200FD5345 /* PageControl.swift in Sources */ = {isa = PBXBuildFile; fileRef = 3F9F7BC62BDA16A200FD5345 /* PageControl.swift */; };
		3F9F7BD12BDA186600FD5345 /* ContentView.swift in Sources */ = {isa = PBXBuildFile; fileRef = 3F9F7BD02BDA186600FD5345 /* ContentView.swift */; };
		3F9F7BD32BDA186700FD5345 /* Assets.xcassets in Resources */ = {isa = PBXBuildFile; fileRef = 3F9F7BD22BDA186700FD5345 /* Assets.xcassets */; };
		3F9F7BD62BDA186700FD5345 /* Preview Assets.xcassets in Resources */ = {isa = PBXBuildFile; fileRef = 3F9F7BD52BDA186700FD5345 /* Preview Assets.xcassets */; };
		3F9F7BEF2BDA186700FD5345 /* WatchLandmarks Watch App.app in Embed Watch Content */ = {isa = PBXBuildFile; fileRef = 3F9F7BCC2BDA186600FD5345 /* WatchLandmarks Watch App.app */; settings = {ATTRIBUTES = (RemoveHeadersOnCopy, ); }; };
		3F9F7BFA2BDA1A2600FD5345 /* CircleImage.swift in Sources */ = {isa = PBXBuildFile; fileRef = 3F2D0F0D2BD0E3DC0051EB42 /* CircleImage.swift */; };
		3F9F7BFB2BDA1A2600FD5345 /* Landmark.swift in Sources */ = {isa = PBXBuildFile; fileRef = 3F2D0F132BD0E8E10051EB42 /* Landmark.swift */; };
		3F9F7BFC2BDA1A2600FD5345 /* Hike.swift in Sources */ = {isa = PBXBuildFile; fileRef = 3F3E71572BD20A760073A8A3 /* Hike.swift */; };
		3F9F7BFD2BDA1A2600FD5345 /* LandmarksApp.swift in Sources */ = {isa = PBXBuildFile; fileRef = 3F2D0EE32BD0E04B0051EB42 /* LandmarksApp.swift */; };
		3F9F7BFE2BDA1A2600FD5345 /* Profile.swift in Sources */ = {isa = PBXBuildFile; fileRef = 3F3E716B2BD2171A0073A8A3 /* Profile.swift */; };
		3F9F7BFF2BDA1A2600FD5345 /* MapView.swift in Sources */ = {isa = PBXBuildFile; fileRef = 3F2D0F0F2BD0E5040051EB42 /* MapView.swift */; };
		3F9F7C012BDA1A2600FD5345 /* hikeData.json in Resources */ = {isa = PBXBuildFile; fileRef = 3F3E71552BD20A470073A8A3 /* hikeData.json */; };
		3F9F7C022BDA1A2600FD5345 /* landmarkData.json in Resources */ = {isa = PBXBuildFile; fileRef = 3F2D0F112BD0E8AE0051EB42 /* landmarkData.json */; };
		3F9F7C042BDA1A2600FD5345 /* ModelData.swift in Sources */ = {isa = PBXBuildFile; fileRef = 3F2D0F152BD0EA2D0051EB42 /* ModelData.swift */; };
		3F9F7C052BDA1A2600FD5345 /* LandmarkRow.swift in Sources */ = {isa = PBXBuildFile; fileRef = 3F2D0F1B2BD0EB7F0051EB42 /* LandmarkRow.swift */; };
		3F9F7C092BDA1CA900FD5345 /* LandmarkDetail.swift in Sources */ = {isa = PBXBuildFile; fileRef = 3F9F7C082BDA1CA900FD5345 /* LandmarkDetail.swift */; };
		3F9F7C0B2BDA202600FD5345 /* NotificationView.swift in Sources */ = {isa = PBXBuildFile; fileRef = 3F9F7C0A2BDA202600FD5345 /* NotificationView.swift */; };
		3F9F7C0D2BDA205D00FD5345 /* NotificationController.swift in Sources */ = {isa = PBXBuildFile; fileRef = 3F9F7C0C2BDA205D00FD5345 /* NotificationController.swift */; };
		3F9F7C182BDA255900FD5345 /* ContentView.swift in Sources */ = {isa = PBXBuildFile; fileRef = 3F9F7C172BDA255900FD5345 /* ContentView.swift */; };
		3F9F7C1A2BDA255A00FD5345 /* Assets.xcassets in Resources */ = {isa = PBXBuildFile; fileRef = 3F9F7C192BDA255A00FD5345 /* Assets.xcassets */; };
		3F9F7C1D2BDA255A00FD5345 /* Preview Assets.xcassets in Resources */ = {isa = PBXBuildFile; fileRef = 3F9F7C1C2BDA255A00FD5345 /* Preview Assets.xcassets */; };
		3F9F7C222BDA25FD00FD5345 /* CircleImage.swift in Sources */ = {isa = PBXBuildFile; fileRef = 3F2D0F0D2BD0E3DC0051EB42 /* CircleImage.swift */; };
		3F9F7C232BDA25FD00FD5345 /* ModelData.swift in Sources */ = {isa = PBXBuildFile; fileRef = 3F2D0F152BD0EA2D0051EB42 /* ModelData.swift */; };
		3F9F7C242BDA25FD00FD5345 /* MapView.swift in Sources */ = {isa = PBXBuildFile; fileRef = 3F2D0F0F2BD0E5040051EB42 /* MapView.swift */; };
		3F9F7C252BDA25FD00FD5345 /* Hike.swift in Sources */ = {isa = PBXBuildFile; fileRef = 3F3E71572BD20A760073A8A3 /* Hike.swift */; };
		3F9F7C262BDA25FD00FD5345 /* Landmark.swift in Sources */ = {isa = PBXBuildFile; fileRef = 3F2D0F132BD0E8E10051EB42 /* Landmark.swift */; };
		3F9F7C292BDA25FD00FD5345 /* Profile.swift in Sources */ = {isa = PBXBuildFile; fileRef = 3F3E716B2BD2171A0073A8A3 /* Profile.swift */; };
		3F9F7C2A2BDA25FD00FD5345 /* hikeData.json in Resources */ = {isa = PBXBuildFile; fileRef = 3F3E71552BD20A470073A8A3 /* hikeData.json */; };
		3F9F7C2B2BDA25FD00FD5345 /* LandmarksApp.swift in Sources */ = {isa = PBXBuildFile; fileRef = 3F2D0EE32BD0E04B0051EB42 /* LandmarksApp.swift */; };
		3F9F7C2C2BDA25FD00FD5345 /* FavoriteButton.swift in Sources */ = {isa = PBXBuildFile; fileRef = 3F3E71452BD1FEA90073A8A3 /* FavoriteButton.swift */; };
		3F9F7C2D2BDA25FD00FD5345 /* landmarkData.json in Resources */ = {isa = PBXBuildFile; fileRef = 3F2D0F112BD0E8AE0051EB42 /* landmarkData.json */; };
		3F9F7C2E2BDA25FD00FD5345 /* Assets.xcassets in Resources */ = {isa = PBXBuildFile; fileRef = 3F2D0EE72BD0E04C0051EB42 /* Assets.xcassets */; };
		3F9F7C302BDA26F200FD5345 /* LandmarkDetail.swift in Sources */ = {isa = PBXBuildFile; fileRef = 3F9F7C2F2BDA26F200FD5345 /* LandmarkDetail.swift */; };
		3F9F7C342BDA286700FD5345 /* LandmarkRow.swift in Sources */ = {isa = PBXBuildFile; fileRef = 3F9F7C332BDA286700FD5345 /* LandmarkRow.swift */; };
		3F9F7C362BDA293800FD5345 /* LandmarkList.swift in Sources */ = {isa = PBXBuildFile; fileRef = 3F9F7C352BDA293800FD5345 /* LandmarkList.swift */; };
		3F9F7C382BDA2B8100FD5345 /* LandmarkList.swift in Sources */ = {isa = PBXBuildFile; fileRef = 3F2D0F1D2BD0ECEB0051EB42 /* LandmarkList.swift */; };
		3F9F7C3A2BDA2DFE00FD5345 /* LandmarkCommands.swift in Sources */ = {isa = PBXBuildFile; fileRef = 3F9F7C392BDA2DFE00FD5345 /* LandmarkCommands.swift */; };
		3F9F7C3B2BDA2DFE00FD5345 /* LandmarkCommands.swift in Sources */ = {isa = PBXBuildFile; fileRef = 3F9F7C392BDA2DFE00FD5345 /* LandmarkCommands.swift */; };
		3F9F7C3D2BDA31D100FD5345 /* LandmarkSettings.swift in Sources */ = {isa = PBXBuildFile; fileRef = 3F9F7C3C2BDA31D100FD5345 /* LandmarkSettings.swift */; };
		3F9F7C3E2BDA31D100FD5345 /* LandmarkSettings.swift in Sources */ = {isa = PBXBuildFile; fileRef = 3F9F7C3C2BDA31D100FD5345 /* LandmarkSettings.swift */; };
/* End PBXBuildFile section */

/* Begin PBXContainerItemProxy section */
		3F2D0EF12BD0E04C0051EB42 /* PBXContainerItemProxy */ = {
			isa = PBXContainerItemProxy;
			containerPortal = 3F2D0ED82BD0E04B0051EB42 /* Project object */;
			proxyType = 1;
			remoteGlobalIDString = 3F2D0EDF2BD0E04B0051EB42;
			remoteInfo = Landmarks;
		};
		3F2D0EFB2BD0E04C0051EB42 /* PBXContainerItemProxy */ = {
			isa = PBXContainerItemProxy;
			containerPortal = 3F2D0ED82BD0E04B0051EB42 /* Project object */;
			proxyType = 1;
			remoteGlobalIDString = 3F2D0EDF2BD0E04B0051EB42;
			remoteInfo = Landmarks;
		};
		3F9F7BDC2BDA186700FD5345 /* PBXContainerItemProxy */ = {
			isa = PBXContainerItemProxy;
			containerPortal = 3F2D0ED82BD0E04B0051EB42 /* Project object */;
			proxyType = 1;
			remoteGlobalIDString = 3F9F7BCB2BDA186600FD5345;
			remoteInfo = "WatchLandmarks Watch App";
		};
		3F9F7BE62BDA186700FD5345 /* PBXContainerItemProxy */ = {
			isa = PBXContainerItemProxy;
			containerPortal = 3F2D0ED82BD0E04B0051EB42 /* Project object */;
			proxyType = 1;
			remoteGlobalIDString = 3F9F7BCB2BDA186600FD5345;
			remoteInfo = "WatchLandmarks Watch App";
		};
		3F9F7BED2BDA186700FD5345 /* PBXContainerItemProxy */ = {
			isa = PBXContainerItemProxy;
			containerPortal = 3F2D0ED82BD0E04B0051EB42 /* Project object */;
			proxyType = 1;
			remoteGlobalIDString = 3F9F7BCB2BDA186600FD5345;
			remoteInfo = "WatchLandmarks Watch App";
		};
/* End PBXContainerItemProxy section */

/* Begin PBXCopyFilesBuildPhase section */
		3F9F7BF32BDA186700FD5345 /* Embed Watch Content */ = {
			isa = PBXCopyFilesBuildPhase;
			buildActionMask = 2147483647;
			dstPath = "$(CONTENTS_FOLDER_PATH)/Watch";
			dstSubfolderSpec = 16;
			files = (
				3F9F7BEF2BDA186700FD5345 /* WatchLandmarks Watch App.app in Embed Watch Content */,
			);
			name = "Embed Watch Content";
			runOnlyForDeploymentPostprocessing = 0;
		};
/* End PBXCopyFilesBuildPhase section */

/* Begin PBXFileReference section */
		3F2D0EE02BD0E04B0051EB42 /* Landmarks.app */ = {isa = PBXFileReference; explicitFileType = wrapper.application; includeInIndex = 0; path = Landmarks.app; sourceTree = BUILT_PRODUCTS_DIR; };
		3F2D0EE32BD0E04B0051EB42 /* LandmarksApp.swift */ = {isa = PBXFileReference; lastKnownFileType = sourcecode.swift; path = LandmarksApp.swift; sourceTree = "<group>"; };
		3F2D0EE52BD0E04B0051EB42 /* ContentView.swift */ = {isa = PBXFileReference; lastKnownFileType = sourcecode.swift; path = ContentView.swift; sourceTree = "<group>"; };
		3F2D0EE72BD0E04C0051EB42 /* Assets.xcassets */ = {isa = PBXFileReference; lastKnownFileType = folder.assetcatalog; path = Assets.xcassets; sourceTree = "<group>"; };
		3F2D0EEA2BD0E04C0051EB42 /* Preview Assets.xcassets */ = {isa = PBXFileReference; lastKnownFileType = folder.assetcatalog; path = "Preview Assets.xcassets"; sourceTree = "<group>"; };
		3F2D0EF02BD0E04C0051EB42 /* LandmarksTests.xctest */ = {isa = PBXFileReference; explicitFileType = wrapper.cfbundle; includeInIndex = 0; path = LandmarksTests.xctest; sourceTree = BUILT_PRODUCTS_DIR; };
		3F2D0EFA2BD0E04C0051EB42 /* LandmarksUITests.xctest */ = {isa = PBXFileReference; explicitFileType = wrapper.cfbundle; includeInIndex = 0; path = LandmarksUITests.xctest; sourceTree = BUILT_PRODUCTS_DIR; };
		3F2D0F0D2BD0E3DC0051EB42 /* CircleImage.swift */ = {isa = PBXFileReference; lastKnownFileType = sourcecode.swift; path = CircleImage.swift; sourceTree = "<group>"; };
		3F2D0F0F2BD0E5040051EB42 /* MapView.swift */ = {isa = PBXFileReference; lastKnownFileType = sourcecode.swift; path = MapView.swift; sourceTree = "<group>"; };
		3F2D0F112BD0E8AE0051EB42 /* landmarkData.json */ = {isa = PBXFileReference; fileEncoding = 4; lastKnownFileType = text.json; path = landmarkData.json; sourceTree = "<group>"; };
		3F2D0F132BD0E8E10051EB42 /* Landmark.swift */ = {isa = PBXFileReference; lastKnownFileType = sourcecode.swift; path = Landmark.swift; sourceTree = "<group>"; };
		3F2D0F152BD0EA2D0051EB42 /* ModelData.swift */ = {isa = PBXFileReference; lastKnownFileType = sourcecode.swift; path = ModelData.swift; sourceTree = "<group>"; };
		3F2D0F1B2BD0EB7F0051EB42 /* LandmarkRow.swift */ = {isa = PBXFileReference; lastKnownFileType = sourcecode.swift; path = LandmarkRow.swift; sourceTree = "<group>"; };
		3F2D0F1D2BD0ECEB0051EB42 /* LandmarkList.swift */ = {isa = PBXFileReference; lastKnownFileType = sourcecode.swift; path = LandmarkList.swift; sourceTree = "<group>"; };
		3F2D0F1F2BD0EDC10051EB42 /* LandmarkDetail.swift */ = {isa = PBXFileReference; lastKnownFileType = sourcecode.swift; path = LandmarkDetail.swift; sourceTree = "<group>"; };
		3F3E71452BD1FEA90073A8A3 /* FavoriteButton.swift */ = {isa = PBXFileReference; lastKnownFileType = sourcecode.swift; path = FavoriteButton.swift; sourceTree = "<group>"; };
		3F3E71492BD2025F0073A8A3 /* HexagonParameters.swift */ = {isa = PBXFileReference; lastKnownFileType = sourcecode.swift; path = HexagonParameters.swift; sourceTree = "<group>"; };
		3F3E714B2BD203280073A8A3 /* BadgeBackground.swift */ = {isa = PBXFileReference; lastKnownFileType = sourcecode.swift; path = BadgeBackground.swift; sourceTree = "<group>"; };
		3F3E714D2BD204610073A8A3 /* BadgeSymbol.swift */ = {isa = PBXFileReference; lastKnownFileType = sourcecode.swift; path = BadgeSymbol.swift; sourceTree = "<group>"; };
		3F3E714F2BD206390073A8A3 /* Badge.swift */ = {isa = PBXFileReference; lastKnownFileType = sourcecode.swift; path = Badge.swift; sourceTree = "<group>"; };
		3F3E71512BD208010073A8A3 /* RotatedBadgeSymbol.swift */ = {isa = PBXFileReference; lastKnownFileType = sourcecode.swift; path = RotatedBadgeSymbol.swift; sourceTree = "<group>"; };
		3F3E71552BD20A470073A8A3 /* hikeData.json */ = {isa = PBXFileReference; fileEncoding = 4; lastKnownFileType = text.json; path = hikeData.json; sourceTree = "<group>"; };
		3F3E71572BD20A760073A8A3 /* Hike.swift */ = {isa = PBXFileReference; lastKnownFileType = sourcecode.swift; path = Hike.swift; sourceTree = "<group>"; };
		3F3E715A2BD20AF30073A8A3 /* GraphCapsule.swift */ = {isa = PBXFileReference; fileEncoding = 4; lastKnownFileType = sourcecode.swift; path = GraphCapsule.swift; sourceTree = "<group>"; };
		3F3E715B2BD20AF30073A8A3 /* HikeGraph.swift */ = {isa = PBXFileReference; fileEncoding = 4; lastKnownFileType = sourcecode.swift; path = HikeGraph.swift; sourceTree = "<group>"; };
		3F3E715C2BD20AF30073A8A3 /* HikeDetail.swift */ = {isa = PBXFileReference; fileEncoding = 4; lastKnownFileType = sourcecode.swift; path = HikeDetail.swift; sourceTree = "<group>"; };
		3F3E715D2BD20AF30073A8A3 /* HikeView.swift */ = {isa = PBXFileReference; fileEncoding = 4; lastKnownFileType = sourcecode.swift; path = HikeView.swift; sourceTree = "<group>"; };
		3F3E71632BD2124C0073A8A3 /* CategoryHome.swift */ = {isa = PBXFileReference; lastKnownFileType = sourcecode.swift; path = CategoryHome.swift; sourceTree = "<group>"; };
		3F3E71652BD214790073A8A3 /* CategoryRow.swift */ = {isa = PBXFileReference; lastKnownFileType = sourcecode.swift; path = CategoryRow.swift; sourceTree = "<group>"; };
		3F3E71672BD2149C0073A8A3 /* CategoryItem.swift */ = {isa = PBXFileReference; lastKnownFileType = sourcecode.swift; path = CategoryItem.swift; sourceTree = "<group>"; };
		3F3E716B2BD2171A0073A8A3 /* Profile.swift */ = {isa = PBXFileReference; lastKnownFileType = sourcecode.swift; path = Profile.swift; sourceTree = "<group>"; };
		3F3E716E2BD217670073A8A3 /* ProfileHost.swift */ = {isa = PBXFileReference; lastKnownFileType = sourcecode.swift; path = ProfileHost.swift; sourceTree = "<group>"; };
		3F3E71702BD217C90073A8A3 /* ProfileSummary.swift */ = {isa = PBXFileReference; lastKnownFileType = sourcecode.swift; path = ProfileSummary.swift; sourceTree = "<group>"; };
		3F3E71722BD218EE0073A8A3 /* HikeBadge.swift */ = {isa = PBXFileReference; lastKnownFileType = sourcecode.swift; path = HikeBadge.swift; sourceTree = "<group>"; };
		3F3E71742BD21CAA0073A8A3 /* ProfileEditor.swift */ = {isa = PBXFileReference; lastKnownFileType = sourcecode.swift; path = ProfileEditor.swift; sourceTree = "<group>"; };
		3F9F7BC02BDA0FD400FD5345 /* PageViewController.swift */ = {isa = PBXFileReference; lastKnownFileType = sourcecode.swift; path = PageViewController.swift; sourceTree = "<group>"; };
		3F9F7BC22BDA111700FD5345 /* FeatureCard.swift */ = {isa = PBXFileReference; lastKnownFileType = sourcecode.swift; path = FeatureCard.swift; sourceTree = "<group>"; };
		3F9F7BC42BDA126500FD5345 /* PageView.swift */ = {isa = PBXFileReference; lastKnownFileType = sourcecode.swift; path = PageView.swift; sourceTree = "<group>"; };
		3F9F7BC62BDA16A200FD5345 /* PageControl.swift */ = {isa = PBXFileReference; lastKnownFileType = sourcecode.swift; path = PageControl.swift; sourceTree = "<group>"; };
		3F9F7BCC2BDA186600FD5345 /* WatchLandmarks Watch App.app */ = {isa = PBXFileReference; explicitFileType = wrapper.application; includeInIndex = 0; path = "WatchLandmarks Watch App.app"; sourceTree = BUILT_PRODUCTS_DIR; };
		3F9F7BD02BDA186600FD5345 /* ContentView.swift */ = {isa = PBXFileReference; lastKnownFileType = sourcecode.swift; path = ContentView.swift; sourceTree = "<group>"; };
		3F9F7BD22BDA186700FD5345 /* Assets.xcassets */ = {isa = PBXFileReference; lastKnownFileType = folder.assetcatalog; path = Assets.xcassets; sourceTree = "<group>"; };
		3F9F7BD52BDA186700FD5345 /* Preview Assets.xcassets */ = {isa = PBXFileReference; lastKnownFileType = folder.assetcatalog; path = "Preview Assets.xcassets"; sourceTree = "<group>"; };
		3F9F7BDB2BDA186700FD5345 /* WatchLandmarks Watch AppTests.xctest */ = {isa = PBXFileReference; explicitFileType = wrapper.cfbundle; includeInIndex = 0; path = "WatchLandmarks Watch AppTests.xctest"; sourceTree = BUILT_PRODUCTS_DIR; };
		3F9F7BE52BDA186700FD5345 /* WatchLandmarks Watch AppUITests.xctest */ = {isa = PBXFileReference; explicitFileType = wrapper.cfbundle; includeInIndex = 0; path = "WatchLandmarks Watch AppUITests.xctest"; sourceTree = BUILT_PRODUCTS_DIR; };
		3F9F7C082BDA1CA900FD5345 /* LandmarkDetail.swift */ = {isa = PBXFileReference; lastKnownFileType = sourcecode.swift; path = LandmarkDetail.swift; sourceTree = "<group>"; };
		3F9F7C0A2BDA202600FD5345 /* NotificationView.swift */ = {isa = PBXFileReference; lastKnownFileType = sourcecode.swift; path = NotificationView.swift; sourceTree = "<group>"; };
		3F9F7C0C2BDA205D00FD5345 /* NotificationController.swift */ = {isa = PBXFileReference; lastKnownFileType = sourcecode.swift; path = NotificationController.swift; sourceTree = "<group>"; };
		3F9F7C0E2BDA211500FD5345 /* PushNotificationPayload.apns */ = {isa = PBXFileReference; lastKnownFileType = text; path = PushNotificationPayload.apns; sourceTree = "<group>"; };
		3F9F7C132BDA255900FD5345 /* MacLandmarks.app */ = {isa = PBXFileReference; explicitFileType = wrapper.application; includeInIndex = 0; path = MacLandmarks.app; sourceTree = BUILT_PRODUCTS_DIR; };
		3F9F7C172BDA255900FD5345 /* ContentView.swift */ = {isa = PBXFileReference; lastKnownFileType = sourcecode.swift; path = ContentView.swift; sourceTree = "<group>"; };
		3F9F7C192BDA255A00FD5345 /* Assets.xcassets */ = {isa = PBXFileReference; lastKnownFileType = folder.assetcatalog; path = Assets.xcassets; sourceTree = "<group>"; };
		3F9F7C1C2BDA255A00FD5345 /* Preview Assets.xcassets */ = {isa = PBXFileReference; lastKnownFileType = folder.assetcatalog; path = "Preview Assets.xcassets"; sourceTree = "<group>"; };
		3F9F7C1E2BDA255A00FD5345 /* MacLandmarks.entitlements */ = {isa = PBXFileReference; lastKnownFileType = text.plist.entitlements; path = MacLandmarks.entitlements; sourceTree = "<group>"; };
		3F9F7C2F2BDA26F200FD5345 /* LandmarkDetail.swift */ = {isa = PBXFileReference; lastKnownFileType = sourcecode.swift; path = LandmarkDetail.swift; sourceTree = "<group>"; };
		3F9F7C332BDA286700FD5345 /* LandmarkRow.swift */ = {isa = PBXFileReference; lastKnownFileType = sourcecode.swift; path = LandmarkRow.swift; sourceTree = "<group>"; };
		3F9F7C352BDA293800FD5345 /* LandmarkList.swift */ = {isa = PBXFileReference; lastKnownFileType = sourcecode.swift; path = LandmarkList.swift; sourceTree = "<group>"; };
		3F9F7C392BDA2DFE00FD5345 /* LandmarkCommands.swift */ = {isa = PBXFileReference; lastKnownFileType = sourcecode.swift; path = LandmarkCommands.swift; sourceTree = "<group>"; };
		3F9F7C3C2BDA31D100FD5345 /* LandmarkSettings.swift */ = {isa = PBXFileReference; lastKnownFileType = sourcecode.swift; path = LandmarkSettings.swift; sourceTree = "<group>"; };
/* End PBXFileReference section */

/* Begin PBXFrameworksBuildPhase section */
		3F2D0EDD2BD0E04B0051EB42 /* Frameworks */ = {
			isa = PBXFrameworksBuildPhase;
			buildActionMask = 2147483647;
			files = (
			);
			runOnlyForDeploymentPostprocessing = 0;
		};
		3F2D0EED2BD0E04C0051EB42 /* Frameworks */ = {
			isa = PBXFrameworksBuildPhase;
			buildActionMask = 2147483647;
			files = (
			);
			runOnlyForDeploymentPostprocessing = 0;
		};
		3F2D0EF72BD0E04C0051EB42 /* Frameworks */ = {
			isa = PBXFrameworksBuildPhase;
			buildActionMask = 2147483647;
			files = (
			);
			runOnlyForDeploymentPostprocessing = 0;
		};
		3F9F7BC92BDA186600FD5345 /* Frameworks */ = {
			isa = PBXFrameworksBuildPhase;
			buildActionMask = 2147483647;
			files = (
			);
			runOnlyForDeploymentPostprocessing = 0;
		};
		3F9F7BD82BDA186700FD5345 /* Frameworks */ = {
			isa = PBXFrameworksBuildPhase;
			buildActionMask = 2147483647;
			files = (
			);
			runOnlyForDeploymentPostprocessing = 0;
		};
		3F9F7BE22BDA186700FD5345 /* Frameworks */ = {
			isa = PBXFrameworksBuildPhase;
			buildActionMask = 2147483647;
			files = (
			);
			runOnlyForDeploymentPostprocessing = 0;
		};
		3F9F7C102BDA255900FD5345 /* Frameworks */ = {
			isa = PBXFrameworksBuildPhase;
			buildActionMask = 2147483647;
			files = (
			);
			runOnlyForDeploymentPostprocessing = 0;
		};
/* End PBXFrameworksBuildPhase section */

/* Begin PBXGroup section */
		3F2D0ED72BD0E04B0051EB42 = {
			isa = PBXGroup;
			children = (
				3F2D0EE22BD0E04B0051EB42 /* Landmarks */,
				3F9F7BCD2BDA186600FD5345 /* WatchLandmarks Watch App */,
				3F9F7C142BDA255900FD5345 /* MacLandmarks */,
				3F2D0EE12BD0E04B0051EB42 /* Products */,
			);
			sourceTree = "<group>";
		};
		3F2D0EE12BD0E04B0051EB42 /* Products */ = {
			isa = PBXGroup;
			children = (
				3F2D0EE02BD0E04B0051EB42 /* Landmarks.app */,
				3F2D0EF02BD0E04C0051EB42 /* LandmarksTests.xctest */,
				3F2D0EFA2BD0E04C0051EB42 /* LandmarksUITests.xctest */,
				3F9F7BCC2BDA186600FD5345 /* WatchLandmarks Watch App.app */,
				3F9F7BDB2BDA186700FD5345 /* WatchLandmarks Watch AppTests.xctest */,
				3F9F7BE52BDA186700FD5345 /* WatchLandmarks Watch AppUITests.xctest */,
				3F9F7C132BDA255900FD5345 /* MacLandmarks.app */,
			);
			name = Products;
			sourceTree = "<group>";
		};
		3F2D0EE22BD0E04B0051EB42 /* Landmarks */ = {
			isa = PBXGroup;
			children = (
				3F9F7C392BDA2DFE00FD5345 /* LandmarkCommands.swift */,
				3F2D0EE32BD0E04B0051EB42 /* LandmarksApp.swift */,
				3F3E716D2BD217310073A8A3 /* Profiles */,
				3F2D0F182BD0EAE40051EB42 /* Views */,
				3F2D0F192BD0EB130051EB42 /* Model */,
				3F2D0EE72BD0E04C0051EB42 /* Assets.xcassets */,
				3F2D0F1A2BD0EB300051EB42 /* Resources */,
				3F2D0EE92BD0E04C0051EB42 /* Preview Content */,
				3F9F7C3C2BDA31D100FD5345 /* LandmarkSettings.swift */,
			);
			path = Landmarks;
			sourceTree = "<group>";
		};
		3F2D0EE92BD0E04C0051EB42 /* Preview Content */ = {
			isa = PBXGroup;
			children = (
				3F2D0EEA2BD0E04C0051EB42 /* Preview Assets.xcassets */,
			);
			path = "Preview Content";
			sourceTree = "<group>";
		};
		3F2D0F182BD0EAE40051EB42 /* Views */ = {
			isa = PBXGroup;
			children = (
				3F9F7BBD2BDA0F7F00FD5345 /* PageView */,
				3F2D0EE52BD0E04B0051EB42 /* ContentView.swift */,
				3F3E71622BD2122E0073A8A3 /* Categories */,
				3F3E71592BD20AF30073A8A3 /* Hikes */,
				3F3E71542BD209290073A8A3 /* Badges */,
				3F3E71482BD1FF8A0073A8A3 /* Landmarks */,
				3F3E71472BD1FF510073A8A3 /* Helper */,
			);
			path = Views;
			sourceTree = "<group>";
		};
		3F2D0F192BD0EB130051EB42 /* Model */ = {
			isa = PBXGroup;
			children = (
				3F2D0F132BD0E8E10051EB42 /* Landmark.swift */,
				3F2D0F152BD0EA2D0051EB42 /* ModelData.swift */,
				3F3E71572BD20A760073A8A3 /* Hike.swift */,
				3F3E716B2BD2171A0073A8A3 /* Profile.swift */,
			);
			path = Model;
			sourceTree = "<group>";
		};
		3F2D0F1A2BD0EB300051EB42 /* Resources */ = {
			isa = PBXGroup;
			children = (
				3F3E71552BD20A470073A8A3 /* hikeData.json */,
				3F2D0F112BD0E8AE0051EB42 /* landmarkData.json */,
			);
			path = Resources;
			sourceTree = "<group>";
		};
		3F3E71472BD1FF510073A8A3 /* Helper */ = {
			isa = PBXGroup;
			children = (
				3F3E71452BD1FEA90073A8A3 /* FavoriteButton.swift */,
				3F2D0F0F2BD0E5040051EB42 /* MapView.swift */,
				3F2D0F0D2BD0E3DC0051EB42 /* CircleImage.swift */,
			);
			path = Helper;
			sourceTree = "<group>";
		};
		3F3E71482BD1FF8A0073A8A3 /* Landmarks */ = {
			isa = PBXGroup;
			children = (
				3F2D0F1D2BD0ECEB0051EB42 /* LandmarkList.swift */,
				3F2D0F1B2BD0EB7F0051EB42 /* LandmarkRow.swift */,
				3F2D0F1F2BD0EDC10051EB42 /* LandmarkDetail.swift */,
			);
			path = Landmarks;
			sourceTree = "<group>";
		};
		3F3E71542BD209290073A8A3 /* Badges */ = {
			isa = PBXGroup;
			children = (
				3F3E714D2BD204610073A8A3 /* BadgeSymbol.swift */,
				3F3E714F2BD206390073A8A3 /* Badge.swift */,
				3F3E71512BD208010073A8A3 /* RotatedBadgeSymbol.swift */,
				3F3E714B2BD203280073A8A3 /* BadgeBackground.swift */,
				3F3E71492BD2025F0073A8A3 /* HexagonParameters.swift */,
			);
			path = Badges;
			sourceTree = "<group>";
		};
		3F3E71592BD20AF30073A8A3 /* Hikes */ = {
			isa = PBXGroup;
			children = (
				3F3E715A2BD20AF30073A8A3 /* GraphCapsule.swift */,
				3F3E715B2BD20AF30073A8A3 /* HikeGraph.swift */,
				3F3E715C2BD20AF30073A8A3 /* HikeDetail.swift */,
				3F3E715D2BD20AF30073A8A3 /* HikeView.swift */,
				3F3E71722BD218EE0073A8A3 /* HikeBadge.swift */,
			);
			path = Hikes;
			sourceTree = "<group>";
		};
		3F3E71622BD2122E0073A8A3 /* Categories */ = {
			isa = PBXGroup;
			children = (
				3F3E71632BD2124C0073A8A3 /* CategoryHome.swift */,
				3F3E71652BD214790073A8A3 /* CategoryRow.swift */,
				3F3E71672BD2149C0073A8A3 /* CategoryItem.swift */,
			);
			path = Categories;
			sourceTree = "<group>";
		};
		3F3E716D2BD217310073A8A3 /* Profiles */ = {
			isa = PBXGroup;
			children = (
				3F3E716E2BD217670073A8A3 /* ProfileHost.swift */,
				3F3E71702BD217C90073A8A3 /* ProfileSummary.swift */,
				3F3E71742BD21CAA0073A8A3 /* ProfileEditor.swift */,
			);
			path = Profiles;
			sourceTree = "<group>";
		};
		3F9F7BBD2BDA0F7F00FD5345 /* PageView */ = {
			isa = PBXGroup;
			children = (
				3F9F7BC02BDA0FD400FD5345 /* PageViewController.swift */,
				3F9F7BC22BDA111700FD5345 /* FeatureCard.swift */,
				3F9F7BC42BDA126500FD5345 /* PageView.swift */,
				3F9F7BC62BDA16A200FD5345 /* PageControl.swift */,
			);
			path = PageView;
			sourceTree = "<group>";
		};
		3F9F7BCD2BDA186600FD5345 /* WatchLandmarks Watch App */ = {
			isa = PBXGroup;
			children = (
				3F9F7BD02BDA186600FD5345 /* ContentView.swift */,
				3F9F7BD22BDA186700FD5345 /* Assets.xcassets */,
				3F9F7BD42BDA186700FD5345 /* Preview Content */,
				3F9F7C082BDA1CA900FD5345 /* LandmarkDetail.swift */,
				3F9F7C0A2BDA202600FD5345 /* NotificationView.swift */,
				3F9F7C0C2BDA205D00FD5345 /* NotificationController.swift */,
				3F9F7C0E2BDA211500FD5345 /* PushNotificationPayload.apns */,
				3F9F7C352BDA293800FD5345 /* LandmarkList.swift */,
			);
			path = "WatchLandmarks Watch App";
			sourceTree = "<group>";
		};
		3F9F7BD42BDA186700FD5345 /* Preview Content */ = {
			isa = PBXGroup;
			children = (
				3F9F7BD52BDA186700FD5345 /* Preview Assets.xcassets */,
			);
			path = "Preview Content";
			sourceTree = "<group>";
		};
		3F9F7C142BDA255900FD5345 /* MacLandmarks */ = {
			isa = PBXGroup;
			children = (
				3F9F7C172BDA255900FD5345 /* ContentView.swift */,
				3F9F7C192BDA255A00FD5345 /* Assets.xcassets */,
				3F9F7C1E2BDA255A00FD5345 /* MacLandmarks.entitlements */,
				3F9F7C1B2BDA255A00FD5345 /* Preview Content */,
				3F9F7C2F2BDA26F200FD5345 /* LandmarkDetail.swift */,
				3F9F7C332BDA286700FD5345 /* LandmarkRow.swift */,
			);
			path = MacLandmarks;
			sourceTree = "<group>";
		};
		3F9F7C1B2BDA255A00FD5345 /* Preview Content */ = {
			isa = PBXGroup;
			children = (
				3F9F7C1C2BDA255A00FD5345 /* Preview Assets.xcassets */,
			);
			path = "Preview Content";
			sourceTree = "<group>";
		};
/* End PBXGroup section */

/* Begin PBXNativeTarget section */
		3F2D0EDF2BD0E04B0051EB42 /* Landmarks */ = {
			isa = PBXNativeTarget;
			buildConfigurationList = 3F2D0F042BD0E04C0051EB42 /* Build configuration list for PBXNativeTarget "Landmarks" */;
			buildPhases = (
				3F2D0EDC2BD0E04B0051EB42 /* Sources */,
				3F2D0EDD2BD0E04B0051EB42 /* Frameworks */,
				3F2D0EDE2BD0E04B0051EB42 /* Resources */,
				3F9F7BF32BDA186700FD5345 /* Embed Watch Content */,
			);
			buildRules = (
			);
			dependencies = (
				3F9F7BEE2BDA186700FD5345 /* PBXTargetDependency */,
			);
			name = Landmarks;
			productName = Landmarks;
			productReference = 3F2D0EE02BD0E04B0051EB42 /* Landmarks.app */;
			productType = "com.apple.product-type.application";
		};
		3F2D0EEF2BD0E04C0051EB42 /* LandmarksTests */ = {
			isa = PBXNativeTarget;
			buildConfigurationList = 3F2D0F072BD0E04C0051EB42 /* Build configuration list for PBXNativeTarget "LandmarksTests" */;
			buildPhases = (
				3F2D0EEC2BD0E04C0051EB42 /* Sources */,
				3F2D0EED2BD0E04C0051EB42 /* Frameworks */,
				3F2D0EEE2BD0E04C0051EB42 /* Resources */,
			);
			buildRules = (
			);
			dependencies = (
				3F2D0EF22BD0E04C0051EB42 /* PBXTargetDependency */,
			);
			name = LandmarksTests;
			productName = LandmarksTests;
			productReference = 3F2D0EF02BD0E04C0051EB42 /* LandmarksTests.xctest */;
			productType = "com.apple.product-type.bundle.unit-test";
		};
		3F2D0EF92BD0E04C0051EB42 /* LandmarksUITests */ = {
			isa = PBXNativeTarget;
			buildConfigurationList = 3F2D0F0A2BD0E04C0051EB42 /* Build configuration list for PBXNativeTarget "LandmarksUITests" */;
			buildPhases = (
				3F2D0EF62BD0E04C0051EB42 /* Sources */,
				3F2D0EF72BD0E04C0051EB42 /* Frameworks */,
				3F2D0EF82BD0E04C0051EB42 /* Resources */,
			);
			buildRules = (
			);
			dependencies = (
				3F2D0EFC2BD0E04C0051EB42 /* PBXTargetDependency */,
			);
			name = LandmarksUITests;
			productName = LandmarksUITests;
			productReference = 3F2D0EFA2BD0E04C0051EB42 /* LandmarksUITests.xctest */;
			productType = "com.apple.product-type.bundle.ui-testing";
		};
		3F9F7BCB2BDA186600FD5345 /* WatchLandmarks Watch App */ = {
			isa = PBXNativeTarget;
			buildConfigurationList = 3F9F7BF02BDA186700FD5345 /* Build configuration list for PBXNativeTarget "WatchLandmarks Watch App" */;
			buildPhases = (
				3F9F7BC82BDA186600FD5345 /* Sources */,
				3F9F7BC92BDA186600FD5345 /* Frameworks */,
				3F9F7BCA2BDA186600FD5345 /* Resources */,
			);
			buildRules = (
			);
			dependencies = (
			);
			name = "WatchLandmarks Watch App";
			productName = "WatchLandmarks Watch App";
			productReference = 3F9F7BCC2BDA186600FD5345 /* WatchLandmarks Watch App.app */;
			productType = "com.apple.product-type.application";
		};
		3F9F7BDA2BDA186700FD5345 /* WatchLandmarks Watch AppTests */ = {
			isa = PBXNativeTarget;
			buildConfigurationList = 3F9F7BF42BDA186700FD5345 /* Build configuration list for PBXNativeTarget "WatchLandmarks Watch AppTests" */;
			buildPhases = (
				3F9F7BD72BDA186700FD5345 /* Sources */,
				3F9F7BD82BDA186700FD5345 /* Frameworks */,
				3F9F7BD92BDA186700FD5345 /* Resources */,
			);
			buildRules = (
			);
			dependencies = (
				3F9F7BDD2BDA186700FD5345 /* PBXTargetDependency */,
			);
			name = "WatchLandmarks Watch AppTests";
			productName = "WatchLandmarks Watch AppTests";
			productReference = 3F9F7BDB2BDA186700FD5345 /* WatchLandmarks Watch AppTests.xctest */;
			productType = "com.apple.product-type.bundle.unit-test";
		};
		3F9F7BE42BDA186700FD5345 /* WatchLandmarks Watch AppUITests */ = {
			isa = PBXNativeTarget;
			buildConfigurationList = 3F9F7BF72BDA186700FD5345 /* Build configuration list for PBXNativeTarget "WatchLandmarks Watch AppUITests" */;
			buildPhases = (
				3F9F7BE12BDA186700FD5345 /* Sources */,
				3F9F7BE22BDA186700FD5345 /* Frameworks */,
				3F9F7BE32BDA186700FD5345 /* Resources */,
			);
			buildRules = (
			);
			dependencies = (
				3F9F7BE72BDA186700FD5345 /* PBXTargetDependency */,
			);
			name = "WatchLandmarks Watch AppUITests";
			productName = "WatchLandmarks Watch AppUITests";
			productReference = 3F9F7BE52BDA186700FD5345 /* WatchLandmarks Watch AppUITests.xctest */;
			productType = "com.apple.product-type.bundle.ui-testing";
		};
		3F9F7C122BDA255900FD5345 /* MacLandmarks */ = {
			isa = PBXNativeTarget;
			buildConfigurationList = 3F9F7C1F2BDA255A00FD5345 /* Build configuration list for PBXNativeTarget "MacLandmarks" */;
			buildPhases = (
				3F9F7C0F2BDA255900FD5345 /* Sources */,
				3F9F7C102BDA255900FD5345 /* Frameworks */,
				3F9F7C112BDA255900FD5345 /* Resources */,
			);
			buildRules = (
			);
			dependencies = (
			);
			name = MacLandmarks;
			productName = MacLandmarks;
			productReference = 3F9F7C132BDA255900FD5345 /* MacLandmarks.app */;
			productType = "com.apple.product-type.application";
		};
/* End PBXNativeTarget section */

/* Begin PBXProject section */
		3F2D0ED82BD0E04B0051EB42 /* Project object */ = {
			isa = PBXProject;
			attributes = {
				BuildIndependentTargetsInParallel = 1;
				LastSwiftUpdateCheck = 1520;
				LastUpgradeCheck = 1520;
				TargetAttributes = {
					3F2D0EDF2BD0E04B0051EB42 = {
						CreatedOnToolsVersion = 15.2;
					};
					3F2D0EEF2BD0E04C0051EB42 = {
						CreatedOnToolsVersion = 15.2;
						TestTargetID = 3F2D0EDF2BD0E04B0051EB42;
					};
					3F2D0EF92BD0E04C0051EB42 = {
						CreatedOnToolsVersion = 15.2;
						TestTargetID = 3F2D0EDF2BD0E04B0051EB42;
					};
					3F9F7BCB2BDA186600FD5345 = {
						CreatedOnToolsVersion = 15.2;
					};
					3F9F7BDA2BDA186700FD5345 = {
						CreatedOnToolsVersion = 15.2;
						TestTargetID = 3F9F7BCB2BDA186600FD5345;
					};
					3F9F7BE42BDA186700FD5345 = {
						CreatedOnToolsVersion = 15.2;
						TestTargetID = 3F9F7BCB2BDA186600FD5345;
					};
					3F9F7C122BDA255900FD5345 = {
						CreatedOnToolsVersion = 15.2;
					};
				};
			};
			buildConfigurationList = 3F2D0EDB2BD0E04B0051EB42 /* Build configuration list for PBXProject "Landmarks" */;
			compatibilityVersion = "Xcode 14.0";
			developmentRegion = en;
			hasScannedForEncodings = 0;
			knownRegions = (
				en,
				Base,
			);
			mainGroup = 3F2D0ED72BD0E04B0051EB42;
			productRefGroup = 3F2D0EE12BD0E04B0051EB42 /* Products */;
			projectDirPath = "";
			projectRoot = "";
			targets = (
				3F2D0EDF2BD0E04B0051EB42 /* Landmarks */,
				3F2D0EEF2BD0E04C0051EB42 /* LandmarksTests */,
				3F2D0EF92BD0E04C0051EB42 /* LandmarksUITests */,
				3F9F7BCB2BDA186600FD5345 /* WatchLandmarks Watch App */,
				3F9F7BDA2BDA186700FD5345 /* WatchLandmarks Watch AppTests */,
				3F9F7BE42BDA186700FD5345 /* WatchLandmarks Watch AppUITests */,
				3F9F7C122BDA255900FD5345 /* MacLandmarks */,
			);
		};
/* End PBXProject section */

/* Begin PBXResourcesBuildPhase section */
		3F2D0EDE2BD0E04B0051EB42 /* Resources */ = {
			isa = PBXResourcesBuildPhase;
			buildActionMask = 2147483647;
			files = (
				3F3E71562BD20A470073A8A3 /* hikeData.json in Resources */,
				3F2D0EEB2BD0E04C0051EB42 /* Preview Assets.xcassets in Resources */,
				3F2D0EE82BD0E04C0051EB42 /* Assets.xcassets in Resources */,
				3F2D0F122BD0E8AE0051EB42 /* landmarkData.json in Resources */,
			);
			runOnlyForDeploymentPostprocessing = 0;
		};
		3F2D0EEE2BD0E04C0051EB42 /* Resources */ = {
			isa = PBXResourcesBuildPhase;
			buildActionMask = 2147483647;
			files = (
			);
			runOnlyForDeploymentPostprocessing = 0;
		};
		3F2D0EF82BD0E04C0051EB42 /* Resources */ = {
			isa = PBXResourcesBuildPhase;
			buildActionMask = 2147483647;
			files = (
			);
			runOnlyForDeploymentPostprocessing = 0;
		};
		3F9F7BCA2BDA186600FD5345 /* Resources */ = {
			isa = PBXResourcesBuildPhase;
			buildActionMask = 2147483647;
			files = (
				3F9F7BD62BDA186700FD5345 /* Preview Assets.xcassets in Resources */,
				3F9F7C022BDA1A2600FD5345 /* landmarkData.json in Resources */,
				3F9F7C012BDA1A2600FD5345 /* hikeData.json in Resources */,
				3F9F7BD32BDA186700FD5345 /* Assets.xcassets in Resources */,
			);
			runOnlyForDeploymentPostprocessing = 0;
		};
		3F9F7BD92BDA186700FD5345 /* Resources */ = {
			isa = PBXResourcesBuildPhase;
			buildActionMask = 2147483647;
			files = (
			);
			runOnlyForDeploymentPostprocessing = 0;
		};
		3F9F7BE32BDA186700FD5345 /* Resources */ = {
			isa = PBXResourcesBuildPhase;
			buildActionMask = 2147483647;
			files = (
			);
			runOnlyForDeploymentPostprocessing = 0;
		};
		3F9F7C112BDA255900FD5345 /* Resources */ = {
			isa = PBXResourcesBuildPhase;
			buildActionMask = 2147483647;
			files = (
				3F9F7C1D2BDA255A00FD5345 /* Preview Assets.xcassets in Resources */,
				3F9F7C2D2BDA25FD00FD5345 /* landmarkData.json in Resources */,
				3F9F7C2A2BDA25FD00FD5345 /* hikeData.json in Resources */,
				3F9F7C1A2BDA255A00FD5345 /* Assets.xcassets in Resources */,
				3F9F7C2E2BDA25FD00FD5345 /* Assets.xcassets in Resources */,
			);
			runOnlyForDeploymentPostprocessing = 0;
		};
/* End PBXResourcesBuildPhase section */

/* Begin PBXSourcesBuildPhase section */
		3F2D0EDC2BD0E04B0051EB42 /* Sources */ = {
			isa = PBXSourcesBuildPhase;
			buildActionMask = 2147483647;
			files = (
				3F3E71662BD214790073A8A3 /* CategoryRow.swift in Sources */,
				3F3E716C2BD2171A0073A8A3 /* Profile.swift in Sources */,
				3F9F7C3A2BDA2DFE00FD5345 /* LandmarkCommands.swift in Sources */,
				3F2D0EE62BD0E04B0051EB42 /* ContentView.swift in Sources */,
				3F3E71642BD2124C0073A8A3 /* CategoryHome.swift in Sources */,
				3F9F7BC32BDA111700FD5345 /* FeatureCard.swift in Sources */,
				3F3E715F2BD20AF30073A8A3 /* HikeGraph.swift in Sources */,
				3F2D0F102BD0E5040051EB42 /* MapView.swift in Sources */,
				3F2D0F202BD0EDC10051EB42 /* LandmarkDetail.swift in Sources */,
				3F3E715E2BD20AF30073A8A3 /* GraphCapsule.swift in Sources */,
				3F3E71462BD1FEA90073A8A3 /* FavoriteButton.swift in Sources */,
				3F9F7BC72BDA16A200FD5345 /* PageControl.swift in Sources */,
				3F3E714A2BD2025F0073A8A3 /* HexagonParameters.swift in Sources */,
				3F3E71682BD2149C0073A8A3 /* CategoryItem.swift in Sources */,
				3F3E71602BD20AF30073A8A3 /* HikeDetail.swift in Sources */,
				3F3E71712BD217C90073A8A3 /* ProfileSummary.swift in Sources */,
				3F3E714E2BD204610073A8A3 /* BadgeSymbol.swift in Sources */,
				3F3E716F2BD217670073A8A3 /* ProfileHost.swift in Sources */,
				3F3E71582BD20A760073A8A3 /* Hike.swift in Sources */,
				3F2D0EE42BD0E04B0051EB42 /* LandmarksApp.swift in Sources */,
				3F9F7C3D2BDA31D100FD5345 /* LandmarkSettings.swift in Sources */,
				3F9F7BC52BDA126500FD5345 /* PageView.swift in Sources */,
				3F3E71502BD206390073A8A3 /* Badge.swift in Sources */,
				3F3E71752BD21CAA0073A8A3 /* ProfileEditor.swift in Sources */,
				3F3E71522BD208010073A8A3 /* RotatedBadgeSymbol.swift in Sources */,
				3F3E71612BD20AF30073A8A3 /* HikeView.swift in Sources */,
				3F2D0F1E2BD0ECEB0051EB42 /* LandmarkList.swift in Sources */,
				3F9F7BC12BDA0FD400FD5345 /* PageViewController.swift in Sources */,
				3F3E714C2BD203280073A8A3 /* BadgeBackground.swift in Sources */,
				3F3E71732BD218EE0073A8A3 /* HikeBadge.swift in Sources */,
				3F2D0F0E2BD0E3DC0051EB42 /* CircleImage.swift in Sources */,
				3F2D0F142BD0E8E10051EB42 /* Landmark.swift in Sources */,
				3F2D0F1C2BD0EB7F0051EB42 /* LandmarkRow.swift in Sources */,
				3F2D0F162BD0EA2D0051EB42 /* ModelData.swift in Sources */,
			);
			runOnlyForDeploymentPostprocessing = 0;
		};
		3F2D0EEC2BD0E04C0051EB42 /* Sources */ = {
			isa = PBXSourcesBuildPhase;
			buildActionMask = 2147483647;
			files = (
			);
			runOnlyForDeploymentPostprocessing = 0;
		};
		3F2D0EF62BD0E04C0051EB42 /* Sources */ = {
			isa = PBXSourcesBuildPhase;
			buildActionMask = 2147483647;
			files = (
			);
			runOnlyForDeploymentPostprocessing = 0;
		};
		3F9F7BC82BDA186600FD5345 /* Sources */ = {
			isa = PBXSourcesBuildPhase;
			buildActionMask = 2147483647;
			files = (
				3F9F7BFF2BDA1A2600FD5345 /* MapView.swift in Sources */,
				3F9F7BD12BDA186600FD5345 /* ContentView.swift in Sources */,
				3F9F7BFE2BDA1A2600FD5345 /* Profile.swift in Sources */,
				3F9F7C362BDA293800FD5345 /* LandmarkList.swift in Sources */,
				3F9F7C092BDA1CA900FD5345 /* LandmarkDetail.swift in Sources */,
				3F9F7BFA2BDA1A2600FD5345 /* CircleImage.swift in Sources */,
				3F9F7BFC2BDA1A2600FD5345 /* Hike.swift in Sources */,
				3F9F7C042BDA1A2600FD5345 /* ModelData.swift in Sources */,
				3F9F7C052BDA1A2600FD5345 /* LandmarkRow.swift in Sources */,
				3F9F7C0D2BDA205D00FD5345 /* NotificationController.swift in Sources */,
				3F9F7BFD2BDA1A2600FD5345 /* LandmarksApp.swift in Sources */,
				3F9F7BFB2BDA1A2600FD5345 /* Landmark.swift in Sources */,
				3F9F7C0B2BDA202600FD5345 /* NotificationView.swift in Sources */,
			);
			runOnlyForDeploymentPostprocessing = 0;
		};
		3F9F7BD72BDA186700FD5345 /* Sources */ = {
			isa = PBXSourcesBuildPhase;
			buildActionMask = 2147483647;
			files = (
			);
			runOnlyForDeploymentPostprocessing = 0;
		};
		3F9F7BE12BDA186700FD5345 /* Sources */ = {
			isa = PBXSourcesBuildPhase;
			buildActionMask = 2147483647;
			files = (
			);
			runOnlyForDeploymentPostprocessing = 0;
		};
		3F9F7C0F2BDA255900FD5345 /* Sources */ = {
			isa = PBXSourcesBuildPhase;
			buildActionMask = 2147483647;
			files = (
				3F9F7C252BDA25FD00FD5345 /* Hike.swift in Sources */,
				3F9F7C182BDA255900FD5345 /* ContentView.swift in Sources */,
				3F9F7C3E2BDA31D100FD5345 /* LandmarkSettings.swift in Sources */,
				3F9F7C242BDA25FD00FD5345 /* MapView.swift in Sources */,
				3F9F7C2B2BDA25FD00FD5345 /* LandmarksApp.swift in Sources */,
				3F9F7C3B2BDA2DFE00FD5345 /* LandmarkCommands.swift in Sources */,
				3F9F7C302BDA26F200FD5345 /* LandmarkDetail.swift in Sources */,
				3F9F7C222BDA25FD00FD5345 /* CircleImage.swift in Sources */,
				3F9F7C232BDA25FD00FD5345 /* ModelData.swift in Sources */,
				3F9F7C382BDA2B8100FD5345 /* LandmarkList.swift in Sources */,
				3F9F7C292BDA25FD00FD5345 /* Profile.swift in Sources */,
				3F9F7C2C2BDA25FD00FD5345 /* FavoriteButton.swift in Sources */,
				3F9F7C342BDA286700FD5345 /* LandmarkRow.swift in Sources */,
				3F9F7C262BDA25FD00FD5345 /* Landmark.swift in Sources */,
			);
			runOnlyForDeploymentPostprocessing = 0;
		};
/* End PBXSourcesBuildPhase section */

/* Begin PBXTargetDependency section */
		3F2D0EF22BD0E04C0051EB42 /* PBXTargetDependency */ = {
			isa = PBXTargetDependency;
			target = 3F2D0EDF2BD0E04B0051EB42 /* Landmarks */;
			targetProxy = 3F2D0EF12BD0E04C0051EB42 /* PBXContainerItemProxy */;
		};
		3F2D0EFC2BD0E04C0051EB42 /* PBXTargetDependency */ = {
			isa = PBXTargetDependency;
			target = 3F2D0EDF2BD0E04B0051EB42 /* Landmarks */;
			targetProxy = 3F2D0EFB2BD0E04C0051EB42 /* PBXContainerItemProxy */;
		};
		3F9F7BDD2BDA186700FD5345 /* PBXTargetDependency */ = {
			isa = PBXTargetDependency;
			target = 3F9F7BCB2BDA186600FD5345 /* WatchLandmarks Watch App */;
			targetProxy = 3F9F7BDC2BDA186700FD5345 /* PBXContainerItemProxy */;
		};
		3F9F7BE72BDA186700FD5345 /* PBXTargetDependency */ = {
			isa = PBXTargetDependency;
			target = 3F9F7BCB2BDA186600FD5345 /* WatchLandmarks Watch App */;
			targetProxy = 3F9F7BE62BDA186700FD5345 /* PBXContainerItemProxy */;
		};
		3F9F7BEE2BDA186700FD5345 /* PBXTargetDependency */ = {
			isa = PBXTargetDependency;
			target = 3F9F7BCB2BDA186600FD5345 /* WatchLandmarks Watch App */;
			targetProxy = 3F9F7BED2BDA186700FD5345 /* PBXContainerItemProxy */;
		};
/* End PBXTargetDependency section */

/* Begin XCBuildConfiguration section */
		3F2D0F022BD0E04C0051EB42 /* Debug */ = {
			isa = XCBuildConfiguration;
			buildSettings = {
				ALWAYS_SEARCH_USER_PATHS = NO;
				ASSETCATALOG_COMPILER_GENERATE_SWIFT_ASSET_SYMBOL_EXTENSIONS = YES;
				CLANG_ANALYZER_NONNULL = YES;
				CLANG_ANALYZER_NUMBER_OBJECT_CONVERSION = YES_AGGRESSIVE;
				CLANG_CXX_LANGUAGE_STANDARD = "gnu++20";
				CLANG_ENABLE_MODULES = YES;
				CLANG_ENABLE_OBJC_ARC = YES;
				CLANG_ENABLE_OBJC_WEAK = YES;
				CLANG_WARN_BLOCK_CAPTURE_AUTORELEASING = YES;
				CLANG_WARN_BOOL_CONVERSION = YES;
				CLANG_WARN_COMMA = YES;
				CLANG_WARN_CONSTANT_CONVERSION = YES;
				CLANG_WARN_DEPRECATED_OBJC_IMPLEMENTATIONS = YES;
				CLANG_WARN_DIRECT_OBJC_ISA_USAGE = YES_ERROR;
				CLANG_WARN_DOCUMENTATION_COMMENTS = YES;
				CLANG_WARN_EMPTY_BODY = YES;
				CLANG_WARN_ENUM_CONVERSION = YES;
				CLANG_WARN_INFINITE_RECURSION = YES;
				CLANG_WARN_INT_CONVERSION = YES;
				CLANG_WARN_NON_LITERAL_NULL_CONVERSION = YES;
				CLANG_WARN_OBJC_IMPLICIT_RETAIN_SELF = YES;
				CLANG_WARN_OBJC_LITERAL_CONVERSION = YES;
				CLANG_WARN_OBJC_ROOT_CLASS = YES_ERROR;
				CLANG_WARN_QUOTED_INCLUDE_IN_FRAMEWORK_HEADER = YES;
				CLANG_WARN_RANGE_LOOP_ANALYSIS = YES;
				CLANG_WARN_STRICT_PROTOTYPES = YES;
				CLANG_WARN_SUSPICIOUS_MOVE = YES;
				CLANG_WARN_UNGUARDED_AVAILABILITY = YES_AGGRESSIVE;
				CLANG_WARN_UNREACHABLE_CODE = YES;
				CLANG_WARN__DUPLICATE_METHOD_MATCH = YES;
				COPY_PHASE_STRIP = NO;
				DEBUG_INFORMATION_FORMAT = dwarf;
				ENABLE_STRICT_OBJC_MSGSEND = YES;
				ENABLE_TESTABILITY = YES;
				ENABLE_USER_SCRIPT_SANDBOXING = YES;
				GCC_C_LANGUAGE_STANDARD = gnu17;
				GCC_DYNAMIC_NO_PIC = NO;
				GCC_NO_COMMON_BLOCKS = YES;
				GCC_OPTIMIZATION_LEVEL = 0;
				GCC_PREPROCESSOR_DEFINITIONS = (
					"DEBUG=1",
					"$(inherited)",
				);
				GCC_WARN_64_TO_32_BIT_CONVERSION = YES;
				GCC_WARN_ABOUT_RETURN_TYPE = YES_ERROR;
				GCC_WARN_UNDECLARED_SELECTOR = YES;
				GCC_WARN_UNINITIALIZED_AUTOS = YES_AGGRESSIVE;
				GCC_WARN_UNUSED_FUNCTION = YES;
				GCC_WARN_UNUSED_VARIABLE = YES;
				IPHONEOS_DEPLOYMENT_TARGET = 17.2;
				LOCALIZATION_PREFERS_STRING_CATALOGS = YES;
				MTL_ENABLE_DEBUG_INFO = INCLUDE_SOURCE;
				MTL_FAST_MATH = YES;
				ONLY_ACTIVE_ARCH = YES;
				SDKROOT = iphoneos;
				SWIFT_ACTIVE_COMPILATION_CONDITIONS = "DEBUG $(inherited)";
				SWIFT_OPTIMIZATION_LEVEL = "-Onone";
			};
			name = Debug;
		};
		3F2D0F032BD0E04C0051EB42 /* Release */ = {
			isa = XCBuildConfiguration;
			buildSettings = {
				ALWAYS_SEARCH_USER_PATHS = NO;
				ASSETCATALOG_COMPILER_GENERATE_SWIFT_ASSET_SYMBOL_EXTENSIONS = YES;
				CLANG_ANALYZER_NONNULL = YES;
				CLANG_ANALYZER_NUMBER_OBJECT_CONVERSION = YES_AGGRESSIVE;
				CLANG_CXX_LANGUAGE_STANDARD = "gnu++20";
				CLANG_ENABLE_MODULES = YES;
				CLANG_ENABLE_OBJC_ARC = YES;
				CLANG_ENABLE_OBJC_WEAK = YES;
				CLANG_WARN_BLOCK_CAPTURE_AUTORELEASING = YES;
				CLANG_WARN_BOOL_CONVERSION = YES;
				CLANG_WARN_COMMA = YES;
				CLANG_WARN_CONSTANT_CONVERSION = YES;
				CLANG_WARN_DEPRECATED_OBJC_IMPLEMENTATIONS = YES;
				CLANG_WARN_DIRECT_OBJC_ISA_USAGE = YES_ERROR;
				CLANG_WARN_DOCUMENTATION_COMMENTS = YES;
				CLANG_WARN_EMPTY_BODY = YES;
				CLANG_WARN_ENUM_CONVERSION = YES;
				CLANG_WARN_INFINITE_RECURSION = YES;
				CLANG_WARN_INT_CONVERSION = YES;
				CLANG_WARN_NON_LITERAL_NULL_CONVERSION = YES;
				CLANG_WARN_OBJC_IMPLICIT_RETAIN_SELF = YES;
				CLANG_WARN_OBJC_LITERAL_CONVERSION = YES;
				CLANG_WARN_OBJC_ROOT_CLASS = YES_ERROR;
				CLANG_WARN_QUOTED_INCLUDE_IN_FRAMEWORK_HEADER = YES;
				CLANG_WARN_RANGE_LOOP_ANALYSIS = YES;
				CLANG_WARN_STRICT_PROTOTYPES = YES;
				CLANG_WARN_SUSPICIOUS_MOVE = YES;
				CLANG_WARN_UNGUARDED_AVAILABILITY = YES_AGGRESSIVE;
				CLANG_WARN_UNREACHABLE_CODE = YES;
				CLANG_WARN__DUPLICATE_METHOD_MATCH = YES;
				COPY_PHASE_STRIP = NO;
				DEBUG_INFORMATION_FORMAT = "dwarf-with-dsym";
				ENABLE_NS_ASSERTIONS = NO;
				ENABLE_STRICT_OBJC_MSGSEND = YES;
				ENABLE_USER_SCRIPT_SANDBOXING = YES;
				GCC_C_LANGUAGE_STANDARD = gnu17;
				GCC_NO_COMMON_BLOCKS = YES;
				GCC_WARN_64_TO_32_BIT_CONVERSION = YES;
				GCC_WARN_ABOUT_RETURN_TYPE = YES_ERROR;
				GCC_WARN_UNDECLARED_SELECTOR = YES;
				GCC_WARN_UNINITIALIZED_AUTOS = YES_AGGRESSIVE;
				GCC_WARN_UNUSED_FUNCTION = YES;
				GCC_WARN_UNUSED_VARIABLE = YES;
				IPHONEOS_DEPLOYMENT_TARGET = 17.2;
				LOCALIZATION_PREFERS_STRING_CATALOGS = YES;
				MTL_ENABLE_DEBUG_INFO = NO;
				MTL_FAST_MATH = YES;
				SDKROOT = iphoneos;
				SWIFT_COMPILATION_MODE = wholemodule;
				VALIDATE_PRODUCT = YES;
			};
			name = Release;
		};
		3F2D0F052BD0E04C0051EB42 /* Debug */ = {
			isa = XCBuildConfiguration;
			buildSettings = {
				ALWAYS_EMBED_SWIFT_STANDARD_LIBRARIES = YES;
				ASSETCATALOG_COMPILER_APPICON_NAME = AppIcon;
				ASSETCATALOG_COMPILER_GLOBAL_ACCENT_COLOR_NAME = AccentColor;
				CODE_SIGN_STYLE = Automatic;
				CURRENT_PROJECT_VERSION = 1;
				DEVELOPMENT_ASSET_PATHS = "\"Landmarks/Preview Content\"";
				ENABLE_PREVIEWS = YES;
				GENERATE_INFOPLIST_FILE = YES;
				INFOPLIST_KEY_UIApplicationSceneManifest_Generation = YES;
				INFOPLIST_KEY_UIApplicationSupportsIndirectInputEvents = YES;
				INFOPLIST_KEY_UILaunchScreen_Generation = YES;
				INFOPLIST_KEY_UISupportedInterfaceOrientations_iPad = "UIInterfaceOrientationPortrait UIInterfaceOrientationPortraitUpsideDown UIInterfaceOrientationLandscapeLeft UIInterfaceOrientationLandscapeRight";
				INFOPLIST_KEY_UISupportedInterfaceOrientations_iPhone = "UIInterfaceOrientationPortrait UIInterfaceOrientationLandscapeLeft UIInterfaceOrientationLandscapeRight";
				LD_RUNPATH_SEARCH_PATHS = (
					"$(inherited)",
					"@executable_path/Frameworks",
				);
				MARKETING_VERSION = 1.0;
				PRODUCT_BUNDLE_IDENTIFIER = "Daniel-Fernando-Herawan.Landmarks";
				PRODUCT_NAME = "$(TARGET_NAME)";
				SWIFT_EMIT_LOC_STRINGS = YES;
				SWIFT_VERSION = 5.0;
				TARGETED_DEVICE_FAMILY = "1,2";
			};
			name = Debug;
		};
		3F2D0F062BD0E04C0051EB42 /* Release */ = {
			isa = XCBuildConfiguration;
			buildSettings = {
				ALWAYS_EMBED_SWIFT_STANDARD_LIBRARIES = YES;
				ASSETCATALOG_COMPILER_APPICON_NAME = AppIcon;
				ASSETCATALOG_COMPILER_GLOBAL_ACCENT_COLOR_NAME = AccentColor;
				CODE_SIGN_STYLE = Automatic;
				CURRENT_PROJECT_VERSION = 1;
				DEVELOPMENT_ASSET_PATHS = "\"Landmarks/Preview Content\"";
				ENABLE_PREVIEWS = YES;
				GENERATE_INFOPLIST_FILE = YES;
				INFOPLIST_KEY_UIApplicationSceneManifest_Generation = YES;
				INFOPLIST_KEY_UIApplicationSupportsIndirectInputEvents = YES;
				INFOPLIST_KEY_UILaunchScreen_Generation = YES;
				INFOPLIST_KEY_UISupportedInterfaceOrientations_iPad = "UIInterfaceOrientationPortrait UIInterfaceOrientationPortraitUpsideDown UIInterfaceOrientationLandscapeLeft UIInterfaceOrientationLandscapeRight";
				INFOPLIST_KEY_UISupportedInterfaceOrientations_iPhone = "UIInterfaceOrientationPortrait UIInterfaceOrientationLandscapeLeft UIInterfaceOrientationLandscapeRight";
				LD_RUNPATH_SEARCH_PATHS = (
					"$(inherited)",
					"@executable_path/Frameworks",
				);
				MARKETING_VERSION = 1.0;
				PRODUCT_BUNDLE_IDENTIFIER = "Daniel-Fernando-Herawan.Landmarks";
				PRODUCT_NAME = "$(TARGET_NAME)";
				SWIFT_EMIT_LOC_STRINGS = YES;
				SWIFT_VERSION = 5.0;
				TARGETED_DEVICE_FAMILY = "1,2";
			};
			name = Release;
		};
		3F2D0F082BD0E04C0051EB42 /* Debug */ = {
			isa = XCBuildConfiguration;
			buildSettings = {
				ALWAYS_EMBED_SWIFT_STANDARD_LIBRARIES = YES;
				BUNDLE_LOADER = "$(TEST_HOST)";
				CODE_SIGN_STYLE = Automatic;
				CURRENT_PROJECT_VERSION = 1;
				GENERATE_INFOPLIST_FILE = YES;
				IPHONEOS_DEPLOYMENT_TARGET = 17.2;
				MARKETING_VERSION = 1.0;
				PRODUCT_BUNDLE_IDENTIFIER = "Daniel-Fernando-Herawan.LandmarksTests";
				PRODUCT_NAME = "$(TARGET_NAME)";
				SWIFT_EMIT_LOC_STRINGS = NO;
				SWIFT_VERSION = 5.0;
				TARGETED_DEVICE_FAMILY = "1,2";
				TEST_HOST = "$(BUILT_PRODUCTS_DIR)/Landmarks.app/$(BUNDLE_EXECUTABLE_FOLDER_PATH)/Landmarks";
			};
			name = Debug;
		};
		3F2D0F092BD0E04C0051EB42 /* Release */ = {
			isa = XCBuildConfiguration;
			buildSettings = {
				ALWAYS_EMBED_SWIFT_STANDARD_LIBRARIES = YES;
				BUNDLE_LOADER = "$(TEST_HOST)";
				CODE_SIGN_STYLE = Automatic;
				CURRENT_PROJECT_VERSION = 1;
				GENERATE_INFOPLIST_FILE = YES;
				IPHONEOS_DEPLOYMENT_TARGET = 17.2;
				MARKETING_VERSION = 1.0;
				PRODUCT_BUNDLE_IDENTIFIER = "Daniel-Fernando-Herawan.LandmarksTests";
				PRODUCT_NAME = "$(TARGET_NAME)";
				SWIFT_EMIT_LOC_STRINGS = NO;
				SWIFT_VERSION = 5.0;
				TARGETED_DEVICE_FAMILY = "1,2";
				TEST_HOST = "$(BUILT_PRODUCTS_DIR)/Landmarks.app/$(BUNDLE_EXECUTABLE_FOLDER_PATH)/Landmarks";
			};
			name = Release;
		};
		3F2D0F0B2BD0E04C0051EB42 /* Debug */ = {
			isa = XCBuildConfiguration;
			buildSettings = {
				ALWAYS_EMBED_SWIFT_STANDARD_LIBRARIES = YES;
				CODE_SIGN_STYLE = Automatic;
				CURRENT_PROJECT_VERSION = 1;
				GENERATE_INFOPLIST_FILE = YES;
				MARKETING_VERSION = 1.0;
				PRODUCT_BUNDLE_IDENTIFIER = "Daniel-Fernando-Herawan.LandmarksUITests";
				PRODUCT_NAME = "$(TARGET_NAME)";
				SWIFT_EMIT_LOC_STRINGS = NO;
				SWIFT_VERSION = 5.0;
				TARGETED_DEVICE_FAMILY = "1,2";
				TEST_TARGET_NAME = Landmarks;
			};
			name = Debug;
		};
		3F2D0F0C2BD0E04C0051EB42 /* Release */ = {
			isa = XCBuildConfiguration;
			buildSettings = {
				ALWAYS_EMBED_SWIFT_STANDARD_LIBRARIES = YES;
				CODE_SIGN_STYLE = Automatic;
				CURRENT_PROJECT_VERSION = 1;
				GENERATE_INFOPLIST_FILE = YES;
				MARKETING_VERSION = 1.0;
				PRODUCT_BUNDLE_IDENTIFIER = "Daniel-Fernando-Herawan.LandmarksUITests";
				PRODUCT_NAME = "$(TARGET_NAME)";
				SWIFT_EMIT_LOC_STRINGS = NO;
				SWIFT_VERSION = 5.0;
				TARGETED_DEVICE_FAMILY = "1,2";
				TEST_TARGET_NAME = Landmarks;
			};
			name = Release;
		};
		3F9F7BF12BDA186700FD5345 /* Debug */ = {
			isa = XCBuildConfiguration;
			buildSettings = {
				ASSETCATALOG_COMPILER_APPICON_NAME = AppIcon;
				ASSETCATALOG_COMPILER_GLOBAL_ACCENT_COLOR_NAME = AccentColor;
				CODE_SIGN_STYLE = Automatic;
				CURRENT_PROJECT_VERSION = 1;
				DEVELOPMENT_ASSET_PATHS = "\"WatchLandmarks Watch App/Preview Content\"";
				ENABLE_PREVIEWS = YES;
				GENERATE_INFOPLIST_FILE = YES;
				INFOPLIST_KEY_CFBundleDisplayName = WatchLandmarks;
				INFOPLIST_KEY_UISupportedInterfaceOrientations = "UIInterfaceOrientationPortrait UIInterfaceOrientationPortraitUpsideDown";
				INFOPLIST_KEY_WKCompanionAppBundleIdentifier = "Daniel-Fernando-Herawan.Landmarks";
				INFOPLIST_KEY_WKRunsIndependentlyOfCompanionApp = YES;
				LD_RUNPATH_SEARCH_PATHS = (
					"$(inherited)",
					"@executable_path/Frameworks",
				);
				MARKETING_VERSION = 1.0;
				PRODUCT_BUNDLE_IDENTIFIER = "Daniel-Fernando-Herawan.Landmarks.watchkitapp";
				PRODUCT_NAME = "$(TARGET_NAME)";
				SDKROOT = watchos;
				SKIP_INSTALL = YES;
				SWIFT_EMIT_LOC_STRINGS = YES;
				SWIFT_VERSION = 5.0;
				TARGETED_DEVICE_FAMILY = 4;
				WATCHOS_DEPLOYMENT_TARGET = 10.2;
			};
			name = Debug;
		};
		3F9F7BF22BDA186700FD5345 /* Release */ = {
			isa = XCBuildConfiguration;
			buildSettings = {
				ASSETCATALOG_COMPILER_APPICON_NAME = AppIcon;
				ASSETCATALOG_COMPILER_GLOBAL_ACCENT_COLOR_NAME = AccentColor;
				CODE_SIGN_STYLE = Automatic;
				CURRENT_PROJECT_VERSION = 1;
				DEVELOPMENT_ASSET_PATHS = "\"WatchLandmarks Watch App/Preview Content\"";
				ENABLE_PREVIEWS = YES;
				GENERATE_INFOPLIST_FILE = YES;
				INFOPLIST_KEY_CFBundleDisplayName = WatchLandmarks;
				INFOPLIST_KEY_UISupportedInterfaceOrientations = "UIInterfaceOrientationPortrait UIInterfaceOrientationPortraitUpsideDown";
				INFOPLIST_KEY_WKCompanionAppBundleIdentifier = "Daniel-Fernando-Herawan.Landmarks";
				INFOPLIST_KEY_WKRunsIndependentlyOfCompanionApp = YES;
				LD_RUNPATH_SEARCH_PATHS = (
					"$(inherited)",
					"@executable_path/Frameworks",
				);
				MARKETING_VERSION = 1.0;
				PRODUCT_BUNDLE_IDENTIFIER = "Daniel-Fernando-Herawan.Landmarks.watchkitapp";
				PRODUCT_NAME = "$(TARGET_NAME)";
				SDKROOT = watchos;
				SKIP_INSTALL = YES;
				SWIFT_EMIT_LOC_STRINGS = YES;
				SWIFT_VERSION = 5.0;
				TARGETED_DEVICE_FAMILY = 4;
				WATCHOS_DEPLOYMENT_TARGET = 10.2;
			};
			name = Release;
		};
		3F9F7BF52BDA186700FD5345 /* Debug */ = {
			isa = XCBuildConfiguration;
			buildSettings = {
				ALWAYS_EMBED_SWIFT_STANDARD_LIBRARIES = YES;
				BUNDLE_LOADER = "$(TEST_HOST)";
				CODE_SIGN_STYLE = Automatic;
				CURRENT_PROJECT_VERSION = 1;
				GENERATE_INFOPLIST_FILE = YES;
				MARKETING_VERSION = 1.0;
				PRODUCT_BUNDLE_IDENTIFIER = "Daniel-Fernando-Herawan.WatchLandmarks-Watch-AppTests";
				PRODUCT_NAME = "$(TARGET_NAME)";
				SDKROOT = watchos;
				SWIFT_EMIT_LOC_STRINGS = NO;
				SWIFT_VERSION = 5.0;
				TARGETED_DEVICE_FAMILY = 4;
				TEST_HOST = "$(BUILT_PRODUCTS_DIR)/WatchLandmarks Watch App.app/$(BUNDLE_EXECUTABLE_FOLDER_PATH)/WatchLandmarks Watch App";
				WATCHOS_DEPLOYMENT_TARGET = 10.2;
			};
			name = Debug;
		};
		3F9F7BF62BDA186700FD5345 /* Release */ = {
			isa = XCBuildConfiguration;
			buildSettings = {
				ALWAYS_EMBED_SWIFT_STANDARD_LIBRARIES = YES;
				BUNDLE_LOADER = "$(TEST_HOST)";
				CODE_SIGN_STYLE = Automatic;
				CURRENT_PROJECT_VERSION = 1;
				GENERATE_INFOPLIST_FILE = YES;
				MARKETING_VERSION = 1.0;
				PRODUCT_BUNDLE_IDENTIFIER = "Daniel-Fernando-Herawan.WatchLandmarks-Watch-AppTests";
				PRODUCT_NAME = "$(TARGET_NAME)";
				SDKROOT = watchos;
				SWIFT_EMIT_LOC_STRINGS = NO;
				SWIFT_VERSION = 5.0;
				TARGETED_DEVICE_FAMILY = 4;
				TEST_HOST = "$(BUILT_PRODUCTS_DIR)/WatchLandmarks Watch App.app/$(BUNDLE_EXECUTABLE_FOLDER_PATH)/WatchLandmarks Watch App";
				WATCHOS_DEPLOYMENT_TARGET = 10.2;
			};
			name = Release;
		};
		3F9F7BF82BDA186700FD5345 /* Debug */ = {
			isa = XCBuildConfiguration;
			buildSettings = {
				ALWAYS_EMBED_SWIFT_STANDARD_LIBRARIES = YES;
				CODE_SIGN_STYLE = Automatic;
				CURRENT_PROJECT_VERSION = 1;
				GENERATE_INFOPLIST_FILE = YES;
				MARKETING_VERSION = 1.0;
				PRODUCT_BUNDLE_IDENTIFIER = "Daniel-Fernando-Herawan.WatchLandmarks-Watch-AppUITests";
				PRODUCT_NAME = "$(TARGET_NAME)";
				SDKROOT = watchos;
				SWIFT_EMIT_LOC_STRINGS = NO;
				SWIFT_VERSION = 5.0;
				TARGETED_DEVICE_FAMILY = 4;
				TEST_TARGET_NAME = "WatchLandmarks Watch App";
				WATCHOS_DEPLOYMENT_TARGET = 10.2;
			};
			name = Debug;
		};
		3F9F7BF92BDA186700FD5345 /* Release */ = {
			isa = XCBuildConfiguration;
			buildSettings = {
				ALWAYS_EMBED_SWIFT_STANDARD_LIBRARIES = YES;
				CODE_SIGN_STYLE = Automatic;
				CURRENT_PROJECT_VERSION = 1;
				GENERATE_INFOPLIST_FILE = YES;
				MARKETING_VERSION = 1.0;
				PRODUCT_BUNDLE_IDENTIFIER = "Daniel-Fernando-Herawan.WatchLandmarks-Watch-AppUITests";
				PRODUCT_NAME = "$(TARGET_NAME)";
				SDKROOT = watchos;
				SWIFT_EMIT_LOC_STRINGS = NO;
				SWIFT_VERSION = 5.0;
				TARGETED_DEVICE_FAMILY = 4;
				TEST_TARGET_NAME = "WatchLandmarks Watch App";
				WATCHOS_DEPLOYMENT_TARGET = 10.2;
			};
			name = Release;
		};
		3F9F7C202BDA255A00FD5345 /* Debug */ = {
			isa = XCBuildConfiguration;
			buildSettings = {
				ASSETCATALOG_COMPILER_APPICON_NAME = AppIcon;
				ASSETCATALOG_COMPILER_GLOBAL_ACCENT_COLOR_NAME = AccentColor;
				CODE_SIGN_ENTITLEMENTS = MacLandmarks/MacLandmarks.entitlements;
				CODE_SIGN_STYLE = Automatic;
				COMBINE_HIDPI_IMAGES = YES;
				CURRENT_PROJECT_VERSION = 1;
				DEVELOPMENT_ASSET_PATHS = "\"MacLandmarks/Preview Content\"";
				ENABLE_PREVIEWS = YES;
				GENERATE_INFOPLIST_FILE = YES;
				INFOPLIST_KEY_NSHumanReadableCopyright = "";
				LD_RUNPATH_SEARCH_PATHS = (
					"$(inherited)",
					"@executable_path/../Frameworks",
				);
				MACOSX_DEPLOYMENT_TARGET = 14.2;
				MARKETING_VERSION = 1.0;
				PRODUCT_BUNDLE_IDENTIFIER = "Daniel-Fernando-Herawan.MacLandmarks";
				PRODUCT_NAME = "$(TARGET_NAME)";
				SDKROOT = macosx;
				SWIFT_EMIT_LOC_STRINGS = YES;
				SWIFT_VERSION = 5.0;
			};
			name = Debug;
		};
		3F9F7C212BDA255A00FD5345 /* Release */ = {
			isa = XCBuildConfiguration;
			buildSettings = {
				ASSETCATALOG_COMPILER_APPICON_NAME = AppIcon;
				ASSETCATALOG_COMPILER_GLOBAL_ACCENT_COLOR_NAME = AccentColor;
				CODE_SIGN_ENTITLEMENTS = MacLandmarks/MacLandmarks.entitlements;
				CODE_SIGN_STYLE = Automatic;
				COMBINE_HIDPI_IMAGES = YES;
				CURRENT_PROJECT_VERSION = 1;
				DEVELOPMENT_ASSET_PATHS = "\"MacLandmarks/Preview Content\"";
				ENABLE_PREVIEWS = YES;
				GENERATE_INFOPLIST_FILE = YES;
				INFOPLIST_KEY_NSHumanReadableCopyright = "";
				LD_RUNPATH_SEARCH_PATHS = (
					"$(inherited)",
					"@executable_path/../Frameworks",
				);
				MACOSX_DEPLOYMENT_TARGET = 14.2;
				MARKETING_VERSION = 1.0;
				PRODUCT_BUNDLE_IDENTIFIER = "Daniel-Fernando-Herawan.MacLandmarks";
				PRODUCT_NAME = "$(TARGET_NAME)";
				SDKROOT = macosx;
				SWIFT_EMIT_LOC_STRINGS = YES;
				SWIFT_VERSION = 5.0;
			};
			name = Release;
		};
/* End XCBuildConfiguration section */

/* Begin XCConfigurationList section */
		3F2D0EDB2BD0E04B0051EB42 /* Build configuration list for PBXProject "Landmarks" */ = {
			isa = XCConfigurationList;
			buildConfigurations = (
				3F2D0F022BD0E04C0051EB42 /* Debug */,
				3F2D0F032BD0E04C0051EB42 /* Release */,
			);
			defaultConfigurationIsVisible = 0;
			defaultConfigurationName = Release;
		};
		3F2D0F042BD0E04C0051EB42 /* Build configuration list for PBXNativeTarget "Landmarks" */ = {
			isa = XCConfigurationList;
			buildConfigurations = (
				3F2D0F052BD0E04C0051EB42 /* Debug */,
				3F2D0F062BD0E04C0051EB42 /* Release */,
			);
			defaultConfigurationIsVisible = 0;
			defaultConfigurationName = Release;
		};
		3F2D0F072BD0E04C0051EB42 /* Build configuration list for PBXNativeTarget "LandmarksTests" */ = {
			isa = XCConfigurationList;
			buildConfigurations = (
				3F2D0F082BD0E04C0051EB42 /* Debug */,
				3F2D0F092BD0E04C0051EB42 /* Release */,
			);
			defaultConfigurationIsVisible = 0;
			defaultConfigurationName = Release;
		};
		3F2D0F0A2BD0E04C0051EB42 /* Build configuration list for PBXNativeTarget "LandmarksUITests" */ = {
			isa = XCConfigurationList;
			buildConfigurations = (
				3F2D0F0B2BD0E04C0051EB42 /* Debug */,
				3F2D0F0C2BD0E04C0051EB42 /* Release */,
			);
			defaultConfigurationIsVisible = 0;
			defaultConfigurationName = Release;
		};
		3F9F7BF02BDA186700FD5345 /* Build configuration list for PBXNativeTarget "WatchLandmarks Watch App" */ = {
			isa = XCConfigurationList;
			buildConfigurations = (
				3F9F7BF12BDA186700FD5345 /* Debug */,
				3F9F7BF22BDA186700FD5345 /* Release */,
			);
			defaultConfigurationIsVisible = 0;
			defaultConfigurationName = Release;
		};
		3F9F7BF42BDA186700FD5345 /* Build configuration list for PBXNativeTarget "WatchLandmarks Watch AppTests" */ = {
			isa = XCConfigurationList;
			buildConfigurations = (
				3F9F7BF52BDA186700FD5345 /* Debug */,
				3F9F7BF62BDA186700FD5345 /* Release */,
			);
			defaultConfigurationIsVisible = 0;
			defaultConfigurationName = Release;
		};
		3F9F7BF72BDA186700FD5345 /* Build configuration list for PBXNativeTarget "WatchLandmarks Watch AppUITests" */ = {
			isa = XCConfigurationList;
			buildConfigurations = (
				3F9F7BF82BDA186700FD5345 /* Debug */,
				3F9F7BF92BDA186700FD5345 /* Release */,
			);
			defaultConfigurationIsVisible = 0;
			defaultConfigurationName = Release;
		};
		3F9F7C1F2BDA255A00FD5345 /* Build configuration list for PBXNativeTarget "MacLandmarks" */ = {
			isa = XCConfigurationList;
			buildConfigurations = (
				3F9F7C202BDA255A00FD5345 /* Debug */,
				3F9F7C212BDA255A00FD5345 /* Release */,
			);
			defaultConfigurationIsVisible = 0;
			defaultConfigurationName = Release;
		};
/* End XCConfigurationList section */
	};
	rootObject = 3F2D0ED82BD0E04B0051EB42 /* Project object */;
}
